
Microsoft Visual Studio Solution File, Format Version 12.00
# Visual Studio 15
VisualStudioVersion = 15.0.27130.2020
MinimumVisualStudioVersion = 10.0.40219.1
Project("{2150E333-8FDC-42A3-9474-1A3956D46DE8}") = "Solution Items", "Solution Items", "{812E446B-9BA9-44D3-9BDA-D2393E5CFFBE}"
	ProjectSection(SolutionItems) = preProject
		LICENSE = LICENSE
		README.md = README.md
	EndProjectSection
EndProject
Project("{9A19103F-16F7-4668-BE54-9A1E7A4F7556}") = "EvadaCms", "src\EvadaCms\EvadaCms.csproj", "{A5338ED4-D05E-4801-9DBB-301047C7A0BC}"
EndProject
Project("{2150E333-8FDC-42A3-9474-1A3956D46DE8}") = "src", "src", "{753E1629-1BF3-42A6-97C6-35F7883AEE6C}"
EndProject
Project("{2150E333-8FDC-42A3-9474-1A3956D46DE8}") = "tests", "tests", "{0636F75C-A906-4AA6-8239-A764A155C2E7}"
EndProject
Global
	GlobalSection(SolutionConfigurationPlatforms) = preSolution
		Debug|Any CPU = Debug|Any CPU
		Release|Any CPU = Release|Any CPU
	EndGlobalSection
	GlobalSection(ProjectConfigurationPlatforms) = postSolution
		{A5338ED4-D05E-4801-9DBB-301047C7A0BC}.Debug|Any CPU.ActiveCfg = Debug|Any CPU
		{A5338ED4-D05E-4801-9DBB-301047C7A0BC}.Debug|Any CPU.Build.0 = Debug|Any CPU
		{A5338ED4-D05E-4801-9DBB-301047C7A0BC}.Release|Any CPU.ActiveCfg = Release|Any CPU
		{A5338ED4-D05E-4801-9DBB-301047C7A0BC}.Release|Any CPU.Build.0 = Release|Any CPU
	EndGlobalSection
	GlobalSection(SolutionProperties) = preSolution
		HideSolutionNode = FALSE
	EndGlobalSection
	GlobalSection(NestedProjects) = preSolution
		{A5338ED4-D05E-4801-9DBB-301047C7A0BC} = {753E1629-1BF3-42A6-97C6-35F7883AEE6C}
	EndGlobalSection
	GlobalSection(ExtensibilityGlobals) = postSolution
		SolutionGuid = {DF7B0F76-7D07-4D4A-9649-B4E322F877CD}
	EndGlobalSection
EndGlobal
